// !$*UTF8*$!
{
	archiveVersion = 1;
	classes = {
	};
	objectVersion = 46;
	objects = {

/* Begin PBXBuildFile section */
		29BFA9B19BA7124087BEE825 /* libPods-RCalendarPicker.a in Frameworks */ = {isa = PBXBuildFile; fileRef = 949047117A078BD89922DEF6 /* libPods-RCalendarPicker.a */; };
		B038DF9D1DDBF12900219F1F /* main.m in Sources */ = {isa = PBXBuildFile; fileRef = B038DF9C1DDBF12900219F1F /* main.m */; };
		B038DFA01DDBF12900219F1F /* AppDelegate.m in Sources */ = {isa = PBXBuildFile; fileRef = B038DF9F1DDBF12900219F1F /* AppDelegate.m */; };
		B038DFA31DDBF12900219F1F /* ViewController.m in Sources */ = {isa = PBXBuildFile; fileRef = B038DFA21DDBF12900219F1F /* ViewController.m */; };
		B038DFA61DDBF12900219F1F /* Main.storyboard in Resources */ = {isa = PBXBuildFile; fileRef = B038DFA41DDBF12900219F1F /* Main.storyboard */; };
		B038DFA81DDBF12900219F1F /* Assets.xcassets in Resources */ = {isa = PBXBuildFile; fileRef = B038DFA71DDBF12900219F1F /* Assets.xcassets */; };
		B038DFAB1DDBF12900219F1F /* LaunchScreen.storyboard in Resources */ = {isa = PBXBuildFile; fileRef = B038DFA91DDBF12900219F1F /* LaunchScreen.storyboard */; };
		B038DFB61DDBF12900219F1F /* RCalendarPickerTests.m in Sources */ = {isa = PBXBuildFile; fileRef = B038DFB51DDBF12900219F1F /* RCalendarPickerTests.m */; };
		B038DFC11DDBF12900219F1F /* RCalendarPickerUITests.m in Sources */ = {isa = PBXBuildFile; fileRef = B038DFC01DDBF12900219F1F /* RCalendarPickerUITests.m */; };
		B038DFD21DDC017900219F1F /* RCalendarPickerView.m in Sources */ = {isa = PBXBuildFile; fileRef = B038DFD11DDC017900219F1F /* RCalendarPickerView.m */; };
		B038DFD51DDC039000219F1F /* RCollectionViewCell.m in Sources */ = {isa = PBXBuildFile; fileRef = B038DFD41DDC039000219F1F /* RCollectionViewCell.m */; };
		B038DFD81DDC0CE600219F1F /* DateHelper.m in Sources */ = {isa = PBXBuildFile; fileRef = B038DFD71DDC0CE600219F1F /* DateHelper.m */; };
		B05CB9CA1DDD404900821BB3 /* Preview.gif in Resources */ = {isa = PBXBuildFile; fileRef = B05CB9C91DDD404900821BB3 /* Preview.gif */; };
		B0A4D48A1DDEFEB2006CAE8C /* RClockPickerView.m in Sources */ = {isa = PBXBuildFile; fileRef = B0A4D4891DDEFEB2006CAE8C /* RClockPickerView.m */; };
/* End PBXBuildFile section */

/* Begin PBXContainerItemProxy section */
		B038DFB21DDBF12900219F1F /* PBXContainerItemProxy */ = {
			isa = PBXContainerItemProxy;
			containerPortal = B038DF901DDBF12900219F1F /* Project object */;
			proxyType = 1;
			remoteGlobalIDString = B038DF971DDBF12900219F1F;
			remoteInfo = RCalendarPicker;
		};
		B038DFBD1DDBF12900219F1F /* PBXContainerItemProxy */ = {
			isa = PBXContainerItemProxy;
			containerPortal = B038DF901DDBF12900219F1F /* Project object */;
			proxyType = 1;
			remoteGlobalIDString = B038DF971DDBF12900219F1F;
			remoteInfo = RCalendarPicker;
		};
/* End PBXContainerItemProxy section */

/* Begin PBXFileReference section */
		5B9A931BF5FB2EF330FCC220 /* Pods-RCalendarPicker.debug.xcconfig */ = {isa = PBXFileReference; includeInIndex = 1; lastKnownFileType = text.xcconfig; name = "Pods-RCalendarPicker.debug.xcconfig"; path = "Pods/Target Support Files/Pods-RCalendarPicker/Pods-RCalendarPicker.debug.xcconfig"; sourceTree = "<group>"; };
		949047117A078BD89922DEF6 /* libPods-RCalendarPicker.a */ = {isa = PBXFileReference; explicitFileType = archive.ar; includeInIndex = 0; path = "libPods-RCalendarPicker.a"; sourceTree = BUILT_PRODUCTS_DIR; };
		9A98DB3FC050F6BA34F1F429 /* Pods-RCalendarPicker.release.xcconfig */ = {isa = PBXFileReference; includeInIndex = 1; lastKnownFileType = text.xcconfig; name = "Pods-RCalendarPicker.release.xcconfig"; path = "Pods/Target Support Files/Pods-RCalendarPicker/Pods-RCalendarPicker.release.xcconfig"; sourceTree = "<group>"; };
		B038DF981DDBF12900219F1F /* RCalendarPicker.app */ = {isa = PBXFileReference; explicitFileType = wrapper.application; includeInIndex = 0; path = RCalendarPicker.app; sourceTree = BUILT_PRODUCTS_DIR; };
		B038DF9C1DDBF12900219F1F /* main.m */ = {isa = PBXFileReference; lastKnownFileType = sourcecode.c.objc; path = main.m; sourceTree = "<group>"; };
		B038DF9E1DDBF12900219F1F /* AppDelegate.h */ = {isa = PBXFileReference; lastKnownFileType = sourcecode.c.h; path = AppDelegate.h; sourceTree = "<group>"; };
		B038DF9F1DDBF12900219F1F /* AppDelegate.m */ = {isa = PBXFileReference; lastKnownFileType = sourcecode.c.objc; path = AppDelegate.m; sourceTree = "<group>"; };
		B038DFA11DDBF12900219F1F /* ViewController.h */ = {isa = PBXFileReference; lastKnownFileType = sourcecode.c.h; path = ViewController.h; sourceTree = "<group>"; };
		B038DFA21DDBF12900219F1F /* ViewController.m */ = {isa = PBXFileReference; lastKnownFileType = sourcecode.c.objc; path = ViewController.m; sourceTree = "<group>"; };
		B038DFA51DDBF12900219F1F /* Base */ = {isa = PBXFileReference; lastKnownFileType = file.storyboard; name = Base; path = Base.lproj/Main.storyboard; sourceTree = "<group>"; };
		B038DFA71DDBF12900219F1F /* Assets.xcassets */ = {isa = PBXFileReference; lastKnownFileType = folder.assetcatalog; path = Assets.xcassets; sourceTree = "<group>"; };
		B038DFAA1DDBF12900219F1F /* Base */ = {isa = PBXFileReference; lastKnownFileType = file.storyboard; name = Base; path = Base.lproj/LaunchScreen.storyboard; sourceTree = "<group>"; };
		B038DFAC1DDBF12900219F1F /* Info.plist */ = {isa = PBXFileReference; lastKnownFileType = text.plist.xml; path = Info.plist; sourceTree = "<group>"; };
		B038DFB11DDBF12900219F1F /* RCalendarPickerTests.xctest */ = {isa = PBXFileReference; explicitFileType = wrapper.cfbundle; includeInIndex = 0; path = RCalendarPickerTests.xctest; sourceTree = BUILT_PRODUCTS_DIR; };
		B038DFB51DDBF12900219F1F /* RCalendarPickerTests.m */ = {isa = PBXFileReference; lastKnownFileType = sourcecode.c.objc; path = RCalendarPickerTests.m; sourceTree = "<group>"; };
		B038DFB71DDBF12900219F1F /* Info.plist */ = {isa = PBXFileReference; lastKnownFileType = text.plist.xml; path = Info.plist; sourceTree = "<group>"; };
		B038DFBC1DDBF12900219F1F /* RCalendarPickerUITests.xctest */ = {isa = PBXFileReference; explicitFileType = wrapper.cfbundle; includeInIndex = 0; path = RCalendarPickerUITests.xctest; sourceTree = BUILT_PRODUCTS_DIR; };
		B038DFC01DDBF12900219F1F /* RCalendarPickerUITests.m */ = {isa = PBXFileReference; lastKnownFileType = sourcecode.c.objc; path = RCalendarPickerUITests.m; sourceTree = "<group>"; };
		B038DFC21DDBF12900219F1F /* Info.plist */ = {isa = PBXFileReference; lastKnownFileType = text.plist.xml; path = Info.plist; sourceTree = "<group>"; };
		B038DFD01DDC017900219F1F /* RCalendarPickerView.h */ = {isa = PBXFileReference; fileEncoding = 4; lastKnownFileType = sourcecode.c.h; path = RCalendarPickerView.h; sourceTree = "<group>"; };
		B038DFD11DDC017900219F1F /* RCalendarPickerView.m */ = {isa = PBXFileReference; fileEncoding = 4; lastKnownFileType = sourcecode.c.objc; path = RCalendarPickerView.m; sourceTree = "<group>"; };
		B038DFD31DDC039000219F1F /* RCollectionViewCell.h */ = {isa = PBXFileReference; fileEncoding = 4; lastKnownFileType = sourcecode.c.h; path = RCollectionViewCell.h; sourceTree = "<group>"; };
		B038DFD41DDC039000219F1F /* RCollectionViewCell.m */ = {isa = PBXFileReference; fileEncoding = 4; lastKnownFileType = sourcecode.c.objc; path = RCollectionViewCell.m; sourceTree = "<group>"; };
		B038DFD61DDC0CE600219F1F /* DateHelper.h */ = {isa = PBXFileReference; fileEncoding = 4; lastKnownFileType = sourcecode.c.h; path = DateHelper.h; sourceTree = "<group>"; };
		B038DFD71DDC0CE600219F1F /* DateHelper.m */ = {isa = PBXFileReference; fileEncoding = 4; lastKnownFileType = sourcecode.c.objc; path = DateHelper.m; sourceTree = "<group>"; };
		B05CB9C91DDD404900821BB3 /* Preview.gif */ = {isa = PBXFileReference; lastKnownFileType = image.gif; path = Preview.gif; sourceTree = "<group>"; };
		B0A4D4881DDEFEB2006CAE8C /* RClockPickerView.h */ = {isa = PBXFileReference; fileEncoding = 4; lastKnownFileType = sourcecode.c.h; path = RClockPickerView.h; sourceTree = "<group>"; };
		B0A4D4891DDEFEB2006CAE8C /* RClockPickerView.m */ = {isa = PBXFileReference; fileEncoding = 4; lastKnownFileType = sourcecode.c.objc; path = RClockPickerView.m; sourceTree = "<group>"; };
/* End PBXFileReference section */

/* Begin PBXFrameworksBuildPhase section */
		B038DF951DDBF12900219F1F /* Frameworks */ = {
			isa = PBXFrameworksBuildPhase;
			buildActionMask = 2147483647;
			files = (
				29BFA9B19BA7124087BEE825 /* libPods-RCalendarPicker.a in Frameworks */,
			);
			runOnlyForDeploymentPostprocessing = 0;
		};
		B038DFAE1DDBF12900219F1F /* Frameworks */ = {
			isa = PBXFrameworksBuildPhase;
			buildActionMask = 2147483647;
			files = (
			);
			runOnlyForDeploymentPostprocessing = 0;
		};
		B038DFB91DDBF12900219F1F /* Frameworks */ = {
			isa = PBXFrameworksBuildPhase;
			buildActionMask = 2147483647;
			files = (
			);
			runOnlyForDeploymentPostprocessing = 0;
		};
/* End PBXFrameworksBuildPhase section */

/* Begin PBXGroup section */
		5D6E17D7E51C2464A23B14A3 /* Pods */ = {
			isa = PBXGroup;
			children = (
				5B9A931BF5FB2EF330FCC220 /* Pods-RCalendarPicker.debug.xcconfig */,
				9A98DB3FC050F6BA34F1F429 /* Pods-RCalendarPicker.release.xcconfig */,
			);
			name = Pods;
			sourceTree = "<group>";
		};
		6B1910B617CF38ADC8B4A8A9 /* Frameworks */ = {
			isa = PBXGroup;
			children = (
				949047117A078BD89922DEF6 /* libPods-RCalendarPicker.a */,
			);
			name = Frameworks;
			sourceTree = "<group>";
		};
		B038DF8F1DDBF12900219F1F = {
			isa = PBXGroup;
			children = (
				B038DFCF1DDC003600219F1F /* RCalendarPickerClass */,
				B038DF9A1DDBF12900219F1F /* RCalendarPicker */,
				B038DFB41DDBF12900219F1F /* RCalendarPickerTests */,
				B038DFBF1DDBF12900219F1F /* RCalendarPickerUITests */,
				B038DF991DDBF12900219F1F /* Products */,
				5D6E17D7E51C2464A23B14A3 /* Pods */,
				6B1910B617CF38ADC8B4A8A9 /* Frameworks */,
			);
			sourceTree = "<group>";
		};
		B038DF991DDBF12900219F1F /* Products */ = {
			isa = PBXGroup;
			children = (
				B038DF981DDBF12900219F1F /* RCalendarPicker.app */,
				B038DFB11DDBF12900219F1F /* RCalendarPickerTests.xctest */,
				B038DFBC1DDBF12900219F1F /* RCalendarPickerUITests.xctest */,
			);
			name = Products;
			sourceTree = "<group>";
		};
		B038DF9A1DDBF12900219F1F /* RCalendarPicker */ = {
			isa = PBXGroup;
			children = (
				B05CB9C81DDD404900821BB3 /* Resource */,
				B038DF9E1DDBF12900219F1F /* AppDelegate.h */,
				B038DF9F1DDBF12900219F1F /* AppDelegate.m */,
				B038DFA11DDBF12900219F1F /* ViewController.h */,
				B038DFA21DDBF12900219F1F /* ViewController.m */,
				B038DFA41DDBF12900219F1F /* Main.storyboard */,
				B038DFA71DDBF12900219F1F /* Assets.xcassets */,
				B038DFA91DDBF12900219F1F /* LaunchScreen.storyboard */,
				B038DFAC1DDBF12900219F1F /* Info.plist */,
				B038DF9B1DDBF12900219F1F /* Supporting Files */,
			);
			path = RCalendarPicker;
			sourceTree = "<group>";
		};
		B038DF9B1DDBF12900219F1F /* Supporting Files */ = {
			isa = PBXGroup;
			children = (
				B038DF9C1DDBF12900219F1F /* main.m */,
			);
			name = "Supporting Files";
			sourceTree = "<group>";
		};
		B038DFB41DDBF12900219F1F /* RCalendarPickerTests */ = {
			isa = PBXGroup;
			children = (
				B038DFB51DDBF12900219F1F /* RCalendarPickerTests.m */,
				B038DFB71DDBF12900219F1F /* Info.plist */,
			);
			path = RCalendarPickerTests;
			sourceTree = "<group>";
		};
		B038DFBF1DDBF12900219F1F /* RCalendarPickerUITests */ = {
			isa = PBXGroup;
			children = (
				B038DFC01DDBF12900219F1F /* RCalendarPickerUITests.m */,
				B038DFC21DDBF12900219F1F /* Info.plist */,
			);
			path = RCalendarPickerUITests;
			sourceTree = "<group>";
		};
		B038DFCF1DDC003600219F1F /* RCalendarPickerClass */ = {
			isa = PBXGroup;
			children = (
				B038DFD01DDC017900219F1F /* RCalendarPickerView.h */,
				B038DFD11DDC017900219F1F /* RCalendarPickerView.m */,
				B038DFD31DDC039000219F1F /* RCollectionViewCell.h */,
				B038DFD41DDC039000219F1F /* RCollectionViewCell.m */,
				B038DFD61DDC0CE600219F1F /* DateHelper.h */,
				B038DFD71DDC0CE600219F1F /* DateHelper.m */,
				B0A4D4881DDEFEB2006CAE8C /* RClockPickerView.h */,
				B0A4D4891DDEFEB2006CAE8C /* RClockPickerView.m */,
			);
			path = RCalendarPickerClass;
			sourceTree = "<group>";
		};
		B05CB9C81DDD404900821BB3 /* Resource */ = {
			isa = PBXGroup;
			children = (
				B05CB9C91DDD404900821BB3 /* Preview.gif */,
			);
			path = Resource;
			sourceTree = "<group>";
		};
/* End PBXGroup section */

/* Begin PBXNativeTarget section */
		B038DF971DDBF12900219F1F /* RCalendarPicker */ = {
			isa = PBXNativeTarget;
			buildConfigurationList = B038DFC51DDBF12900219F1F /* Build configuration list for PBXNativeTarget "RCalendarPicker" */;
			buildPhases = (
				EFF273B8295A5574B22DCC0B /* [CP] Check Pods Manifest.lock */,
				B038DF941DDBF12900219F1F /* Sources */,
				B038DF951DDBF12900219F1F /* Frameworks */,
				B038DF961DDBF12900219F1F /* Resources */,
				A5376C627000AEAB33CC08EB /* [CP] Embed Pods Frameworks */,
				211AD76847689A88F1419183 /* [CP] Copy Pods Resources */,
			);
			buildRules = (
			);
			dependencies = (
			);
			name = RCalendarPicker;
			productName = RCalendarPicker;
			productReference = B038DF981DDBF12900219F1F /* RCalendarPicker.app */;
			productType = "com.apple.product-type.application";
		};
		B038DFB01DDBF12900219F1F /* RCalendarPickerTests */ = {
			isa = PBXNativeTarget;
			buildConfigurationList = B038DFC81DDBF12900219F1F /* Build configuration list for PBXNativeTarget "RCalendarPickerTests" */;
			buildPhases = (
				B038DFAD1DDBF12900219F1F /* Sources */,
				B038DFAE1DDBF12900219F1F /* Frameworks */,
				B038DFAF1DDBF12900219F1F /* Resources */,
			);
			buildRules = (
			);
			dependencies = (
				B038DFB31DDBF12900219F1F /* PBXTargetDependency */,
			);
			name = RCalendarPickerTests;
			productName = RCalendarPickerTests;
			productReference = B038DFB11DDBF12900219F1F /* RCalendarPickerTests.xctest */;
			productType = "com.apple.product-type.bundle.unit-test";
		};
		B038DFBB1DDBF12900219F1F /* RCalendarPickerUITests */ = {
			isa = PBXNativeTarget;
			buildConfigurationList = B038DFCB1DDBF12900219F1F /* Build configuration list for PBXNativeTarget "RCalendarPickerUITests" */;
			buildPhases = (
				B038DFB81DDBF12900219F1F /* Sources */,
				B038DFB91DDBF12900219F1F /* Frameworks */,
				B038DFBA1DDBF12900219F1F /* Resources */,
			);
			buildRules = (
			);
			dependencies = (
				B038DFBE1DDBF12900219F1F /* PBXTargetDependency */,
			);
			name = RCalendarPickerUITests;
			productName = RCalendarPickerUITests;
			productReference = B038DFBC1DDBF12900219F1F /* RCalendarPickerUITests.xctest */;
			productType = "com.apple.product-type.bundle.ui-testing";
		};
/* End PBXNativeTarget section */

/* Begin PBXProject section */
		B038DF901DDBF12900219F1F /* Project object */ = {
			isa = PBXProject;
			attributes = {
				LastUpgradeCheck = 0810;
				ORGANIZATIONNAME = roycms;
				TargetAttributes = {
					B038DF971DDBF12900219F1F = {
						CreatedOnToolsVersion = 8.1;
						DevelopmentTeam = 8N7N7WZT8J;
						ProvisioningStyle = Automatic;
					};
					B038DFB01DDBF12900219F1F = {
						CreatedOnToolsVersion = 8.1;
						ProvisioningStyle = Automatic;
						TestTargetID = B038DF971DDBF12900219F1F;
					};
					B038DFBB1DDBF12900219F1F = {
						CreatedOnToolsVersion = 8.1;
						ProvisioningStyle = Automatic;
						TestTargetID = B038DF971DDBF12900219F1F;
					};
				};
			};
			buildConfigurationList = B038DF931DDBF12900219F1F /* Build configuration list for PBXProject "RCalendarPicker" */;
			compatibilityVersion = "Xcode 3.2";
			developmentRegion = English;
			hasScannedForEncodings = 0;
			knownRegions = (
				en,
				Base,
			);
			mainGroup = B038DF8F1DDBF12900219F1F;
			productRefGroup = B038DF991DDBF12900219F1F /* Products */;
			projectDirPath = "";
			projectRoot = "";
			targets = (
				B038DF971DDBF12900219F1F /* RCalendarPicker */,
				B038DFB01DDBF12900219F1F /* RCalendarPickerTests */,
				B038DFBB1DDBF12900219F1F /* RCalendarPickerUITests */,
			);
		};
/* End PBXProject section */

/* Begin PBXResourcesBuildPhase section */
		B038DF961DDBF12900219F1F /* Resources */ = {
			isa = PBXResourcesBuildPhase;
			buildActionMask = 2147483647;
			files = (
				B038DFAB1DDBF12900219F1F /* LaunchScreen.storyboard in Resources */,
				B05CB9CA1DDD404900821BB3 /* Preview.gif in Resources */,
				B038DFA81DDBF12900219F1F /* Assets.xcassets in Resources */,
				B038DFA61DDBF12900219F1F /* Main.storyboard in Resources */,
			);
			runOnlyForDeploymentPostprocessing = 0;
		};
		B038DFAF1DDBF12900219F1F /* Resources */ = {
			isa = PBXResourcesBuildPhase;
			buildActionMask = 2147483647;
			files = (
			);
			runOnlyForDeploymentPostprocessing = 0;
		};
		B038DFBA1DDBF12900219F1F /* Resources */ = {
			isa = PBXResourcesBuildPhase;
			buildActionMask = 2147483647;
			files = (
			);
			runOnlyForDeploymentPostprocessing = 0;
		};
/* End PBXResourcesBuildPhase section */

/* Begin PBXShellScriptBuildPhase section */
		211AD76847689A88F1419183 /* [CP] Copy Pods Resources */ = {
			isa = PBXShellScriptBuildPhase;
			buildActionMask = 2147483647;
			files = (
			);
			inputPaths = (
			);
			name = "[CP] Copy Pods Resources";
			outputPaths = (
			);
			runOnlyForDeploymentPostprocessing = 0;
			shellPath = /bin/sh;
			shellScript = "\"${SRCROOT}/Pods/Target Support Files/Pods-RCalendarPicker/Pods-RCalendarPicker-resources.sh\"\n";
			showEnvVarsInLog = 0;
		};
		A5376C627000AEAB33CC08EB /* [CP] Embed Pods Frameworks */ = {
			isa = PBXShellScriptBuildPhase;
			buildActionMask = 2147483647;
			files = (
			);
			inputPaths = (
			);
			name = "[CP] Embed Pods Frameworks";
			outputPaths = (
			);
			runOnlyForDeploymentPostprocessing = 0;
			shellPath = /bin/sh;
			shellScript = "\"${SRCROOT}/Pods/Target Support Files/Pods-RCalendarPicker/Pods-RCalendarPicker-frameworks.sh\"\n";
			showEnvVarsInLog = 0;
		};
		EFF273B8295A5574B22DCC0B /* [CP] Check Pods Manifest.lock */ = {
			isa = PBXShellScriptBuildPhase;
			buildActionMask = 2147483647;
			files = (
			);
			inputPaths = (
			);
			name = "[CP] Check Pods Manifest.lock";
			outputPaths = (
			);
			runOnlyForDeploymentPostprocessing = 0;
			shellPath = /bin/sh;
			shellScript = "diff \"${PODS_ROOT}/../Podfile.lock\" \"${PODS_ROOT}/Manifest.lock\" > /dev/null\nif [ $? != 0 ] ; then\n    # print error to STDERR\n    echo \"error: The sandbox is not in sync with the Podfile.lock. Run 'pod install' or update your CocoaPods installation.\" >&2\n    exit 1\nfi\n";
			showEnvVarsInLog = 0;
		};
/* End PBXShellScriptBuildPhase section */

/* Begin PBXSourcesBuildPhase section */
		B038DF941DDBF12900219F1F /* Sources */ = {
			isa = PBXSourcesBuildPhase;
			buildActionMask = 2147483647;
			files = (
				B038DFA31DDBF12900219F1F /* ViewController.m in Sources */,
				B038DFD51DDC039000219F1F /* RCollectionViewCell.m in Sources */,
				B038DFD21DDC017900219F1F /* RCalendarPickerView.m in Sources */,
				B038DFA01DDBF12900219F1F /* AppDelegate.m in Sources */,
				B0A4D48A1DDEFEB2006CAE8C /* RClockPickerView.m in Sources */,
				B038DF9D1DDBF12900219F1F /* main.m in Sources */,
				B038DFD81DDC0CE600219F1F /* DateHelper.m in Sources */,
			);
			runOnlyForDeploymentPostprocessing = 0;
		};
		B038DFAD1DDBF12900219F1F /* Sources */ = {
			isa = PBXSourcesBuildPhase;
			buildActionMask = 2147483647;
			files = (
				B038DFB61DDBF12900219F1F /* RCalendarPickerTests.m in Sources */,
			);
			runOnlyForDeploymentPostprocessing = 0;
		};
		B038DFB81DDBF12900219F1F /* Sources */ = {
			isa = PBXSourcesBuildPhase;
			buildActionMask = 2147483647;
			files = (
				B038DFC11DDBF12900219F1F /* RCalendarPickerUITests.m in Sources */,
			);
			runOnlyForDeploymentPostprocessing = 0;
		};
/* End PBXSourcesBuildPhase section */

/* Begin PBXTargetDependency section */
		B038DFB31DDBF12900219F1F /* PBXTargetDependency */ = {
			isa = PBXTargetDependency;
			target = B038DF971DDBF12900219F1F /* RCalendarPicker */;
			targetProxy = B038DFB21DDBF12900219F1F /* PBXContainerItemProxy */;
		};
		B038DFBE1DDBF12900219F1F /* PBXTargetDependency */ = {
			isa = PBXTargetDependency;
			target = B038DF971DDBF12900219F1F /* RCalendarPicker */;
			targetProxy = B038DFBD1DDBF12900219F1F /* PBXContainerItemProxy */;
		};
/* End PBXTargetDependency section */

/* Begin PBXVariantGroup section */
		B038DFA41DDBF12900219F1F /* Main.storyboard */ = {
			isa = PBXVariantGroup;
			children = (
				B038DFA51DDBF12900219F1F /* Base */,
			);
			name = Main.storyboard;
			sourceTree = "<group>";
		};
		B038DFA91DDBF12900219F1F /* LaunchScreen.storyboard */ = {
			isa = PBXVariantGroup;
			children = (
				B038DFAA1DDBF12900219F1F /* Base */,
			);
			name = LaunchScreen.storyboard;
			sourceTree = "<group>";
		};
/* End PBXVariantGroup section */

/* Begin XCBuildConfiguration section */
		B038DFC31DDBF12900219F1F /* Debug */ = {
			isa = XCBuildConfiguration;
			buildSettings = {
				ALWAYS_SEARCH_USER_PATHS = NO;
				CLANG_ANALYZER_NONNULL = YES;
				CLANG_CXX_LANGUAGE_STANDARD = "gnu++0x";
				CLANG_CXX_LIBRARY = "libc++";
				CLANG_ENABLE_MODULES = YES;
				CLANG_ENABLE_OBJC_ARC = YES;
				CLANG_WARN_BOOL_CONVERSION = YES;
				CLANG_WARN_CONSTANT_CONVERSION = YES;
				CLANG_WARN_DIRECT_OBJC_ISA_USAGE = YES_ERROR;
				CLANG_WARN_DOCUMENTATION_COMMENTS = YES;
				CLANG_WARN_EMPTY_BODY = YES;
				CLANG_WARN_ENUM_CONVERSION = YES;
				CLANG_WARN_INFINITE_RECURSION = YES;
				CLANG_WARN_INT_CONVERSION = YES;
				CLANG_WARN_OBJC_ROOT_CLASS = YES_ERROR;
				CLANG_WARN_SUSPICIOUS_MOVES = YES;
				CLANG_WARN_UNREACHABLE_CODE = YES;
				CLANG_WARN__DUPLICATE_METHOD_MATCH = YES;
				"CODE_SIGN_IDENTITY[sdk=iphoneos*]" = "iPhone Developer";
				COPY_PHASE_STRIP = NO;
				DEBUG_INFORMATION_FORMAT = dwarf;
				ENABLE_STRICT_OBJC_MSGSEND = YES;
				ENABLE_TESTABILITY = YES;
				GCC_C_LANGUAGE_STANDARD = gnu99;
				GCC_DYNAMIC_NO_PIC = NO;
				GCC_NO_COMMON_BLOCKS = YES;
				GCC_OPTIMIZATION_LEVEL = 0;
				GCC_PREPROCESSOR_DEFINITIONS = (
					"DEBUG=1",
					"$(inherited)",
				);
				GCC_WARN_64_TO_32_BIT_CONVERSION = YES;
				GCC_WARN_ABOUT_RETURN_TYPE = YES_ERROR;
				GCC_WARN_UNDECLARED_SELECTOR = YES;
				GCC_WARN_UNINITIALIZED_AUTOS = YES_AGGRESSIVE;
				GCC_WARN_UNUSED_FUNCTION = YES;
				GCC_WARN_UNUSED_VARIABLE = YES;
				IPHONEOS_DEPLOYMENT_TARGET = 10.1;
				MTL_ENABLE_DEBUG_INFO = YES;
				ONLY_ACTIVE_ARCH = YES;
				SDKROOT = iphoneos;
			};
			name = Debug;
		};
		B038DFC41DDBF12900219F1F /* Release */ = {
			isa = XCBuildConfiguration;
			buildSettings = {
				ALWAYS_SEARCH_USER_PATHS = NO;
				CLANG_ANALYZER_NONNULL = YES;
				CLANG_CXX_LANGUAGE_STANDARD = "gnu++0x";
				CLANG_CXX_LIBRARY = "libc++";
				CLANG_ENABLE_MODULES = YES;
				CLANG_ENABLE_OBJC_ARC = YES;
				CLANG_WARN_BOOL_CONVERSION = YES;
				CLANG_WARN_CONSTANT_CONVERSION = YES;
				CLANG_WARN_DIRECT_OBJC_ISA_USAGE = YES_ERROR;
				CLANG_WARN_DOCUMENTATION_COMMENTS = YES;
				CLANG_WARN_EMPTY_BODY = YES;
				CLANG_WARN_ENUM_CONVERSION = YES;
				CLANG_WARN_INFINITE_RECURSION = YES;
				CLANG_WARN_INT_CONVERSION = YES;
				CLANG_WARN_OBJC_ROOT_CLASS = YES_ERROR;
				CLANG_WARN_SUSPICIOUS_MOVES = YES;
				CLANG_WARN_UNREACHABLE_CODE = YES;
				CLANG_WARN__DUPLICATE_METHOD_MATCH = YES;
				"CODE_SIGN_IDENTITY[sdk=iphoneos*]" = "iPhone Developer";
				COPY_PHASE_STRIP = NO;
				DEBUG_INFORMATION_FORMAT = "dwarf-with-dsym";
				ENABLE_NS_ASSERTIONS = NO;
				ENABLE_STRICT_OBJC_MSGSEND = YES;
				GCC_C_LANGUAGE_STANDARD = gnu99;
				GCC_NO_COMMON_BLOCKS = YES;
				GCC_WARN_64_TO_32_BIT_CONVERSION = YES;
				GCC_WARN_ABOUT_RETURN_TYPE = YES_ERROR;
				GCC_WARN_UNDECLARED_SELECTOR = YES;
				GCC_WARN_UNINITIALIZED_AUTOS = YES_AGGRESSIVE;
				GCC_WARN_UNUSED_FUNCTION = YES;
				GCC_WARN_UNUSED_VARIABLE = YES;
				IPHONEOS_DEPLOYMENT_TARGET = 10.1;
				MTL_ENABLE_DEBUG_INFO = NO;
				SDKROOT = iphoneos;
				VALIDATE_PRODUCT = YES;
			};
			name = Release;
		};
		B038DFC61DDBF12900219F1F /* Debug */ = {
			isa = XCBuildConfiguration;
			baseConfigurationReference = 5B9A931BF5FB2EF330FCC220 /* Pods-RCalendarPicker.debug.xcconfig */;
			buildSettings = {
				ASSETCATALOG_COMPILER_APPICON_NAME = AppIcon;
				DEVELOPMENT_TEAM = 8N7N7WZT8J;
				INFOPLIST_FILE = RCalendarPicker/Info.plist;
				LD_RUNPATH_SEARCH_PATHS = "$(inherited) @executable_path/Frameworks";
				PRODUCT_BUNDLE_IDENTIFIER = cn.roycms.RCalendarPicker;
				PRODUCT_NAME = "$(TARGET_NAME)";
			};
			name = Debug;
		};
		B038DFC71DDBF12900219F1F /* Release */ = {
			isa = XCBuildConfiguration;
			baseConfigurationReference = 9A98DB3FC050F6BA34F1F429 /* Pods-RCalendarPicker.release.xcconfig */;
			buildSettings = {
				ASSETCATALOG_COMPILER_APPICON_NAME = AppIcon;
				DEVELOPMENT_TEAM = 8N7N7WZT8J;
				INFOPLIST_FILE = RCalendarPicker/Info.plist;
				LD_RUNPATH_SEARCH_PATHS = "$(inherited) @executable_path/Frameworks";
				PRODUCT_BUNDLE_IDENTIFIER = cn.roycms.RCalendarPicker;
				PRODUCT_NAME = "$(TARGET_NAME)";
			};
			name = Release;
		};
		B038DFC91DDBF12900219F1F /* Debug */ = {
			isa = XCBuildConfiguration;
			buildSettings = {
				BUNDLE_LOADER = "$(TEST_HOST)";
				INFOPLIST_FILE = RCalendarPickerTests/Info.plist;
				LD_RUNPATH_SEARCH_PATHS = "$(inherited) @executable_path/Frameworks @loader_path/Frameworks";
				PRODUCT_BUNDLE_IDENTIFIER = cn.roycms.RCalendarPickerTests;
				PRODUCT_NAME = "$(TARGET_NAME)";
				TEST_HOST = "$(BUILT_PRODUCTS_DIR)/RCalendarPicker.app/RCalendarPicker";
			};
			name = Debug;
		};
		B038DFCA1DDBF12900219F1F /* Release */ = {
			isa = XCBuildConfiguration;
			buildSettings = {
				BUNDLE_LOADER = "$(TEST_HOST)";
				INFOPLIST_FILE = RCalendarPickerTests/Info.plist;
				LD_RUNPATH_SEARCH_PATHS = "$(inherited) @executable_path/Frameworks @loader_path/Frameworks";
				PRODUCT_BUNDLE_IDENTIFIER = cn.roycms.RCalendarPickerTests;
				PRODUCT_NAME = "$(TARGET_NAME)";
				TEST_HOST = "$(BUILT_PRODUCTS_DIR)/RCalendarPicker.app/RCalendarPicker";
			};
			name = Release;
		};
		B038DFCC1DDBF12900219F1F /* Debug */ = {
			isa = XCBuildConfiguration;
			buildSettings = {
				INFOPLIST_FILE = RCalendarPickerUITests/Info.plist;
				LD_RUNPATH_SEARCH_PATHS = "$(inherited) @executable_path/Frameworks @loader_path/Frameworks";
				PRODUCT_BUNDLE_IDENTIFIER = cn.roycms.RCalendarPickerUITests;
				PRODUCT_NAME = "$(TARGET_NAME)";
				TEST_TARGET_NAME = RCalendarPicker;
			};
			name = Debug;
		};
		B038DFCD1DDBF12900219F1F /* Release */ = {
			isa = XCBuildConfiguration;
			buildSettings = {
				INFOPLIST_FILE = RCalendarPickerUITests/Info.plist;
				LD_RUNPATH_SEARCH_PATHS = "$(inherited) @executable_path/Frameworks @loader_path/Frameworks";
				PRODUCT_BUNDLE_IDENTIFIER = cn.roycms.RCalendarPickerUITests;
				PRODUCT_NAME = "$(TARGET_NAME)";
				TEST_TARGET_NAME = RCalendarPicker;
			};
			name = Release;
		};
/* End XCBuildConfiguration section */

/* Begin XCConfigurationList section */
		B038DF931DDBF12900219F1F /* Build configuration list for PBXProject "RCalendarPicker" */ = {
			isa = XCConfigurationList;
			buildConfigurations = (
				B038DFC31DDBF12900219F1F /* Debug */,
				B038DFC41DDBF12900219F1F /* Release */,
			);
			defaultConfigurationIsVisible = 0;
			defaultConfigurationName = Release;
		};
		B038DFC51DDBF12900219F1F /* Build configuration list for PBXNativeTarget "RCalendarPicker" */ = {
			isa = XCConfigurationList;
			buildConfigurations = (
				B038DFC61DDBF12900219F1F /* Debug */,
				B038DFC71DDBF12900219F1F /* Release */,
			);
			defaultConfigurationIsVisible = 0;
			defaultConfigurationName = Release;
		};
		B038DFC81DDBF12900219F1F /* Build configuration list for PBXNativeTarget "RCalendarPickerTests" */ = {
			isa = XCConfigurationList;
			buildConfigurations = (
				B038DFC91DDBF12900219F1F /* Debug */,
				B038DFCA1DDBF12900219F1F /* Release */,
			);
			defaultConfigurationIsVisible = 0;
			defaultConfigurationName = Release;
		};
		B038DFCB1DDBF12900219F1F /* Build configuration list for PBXNativeTarget "RCalendarPickerUITests" */ = {
			isa = XCConfigurationList;
			buildConfigurations = (
				B038DFCC1DDBF12900219F1F /* Debug */,
				B038DFCD1DDBF12900219F1F /* Release */,
			);
			defaultConfigurationIsVisible = 0;
			defaultConfigurationName = Release;
		};
/* End XCConfigurationList section */
	};
	rootObject = B038DF901DDBF12900219F1F /* Project object */;
}
